
Microsoft Visual Studio Solution File, Format Version 12.00
# Visual Studio Version 16
VisualStudioVersion = 16.0.30104.148
MinimumVisualStudioVersion = 10.0.40219.1
Project("{9A19103F-16F7-4668-BE54-9A1E7A4F7556}") = "Filters", "Filters\Filters.csproj", "{CA2128E8-5CCC-43AC-A8BC-ABF8EF4E6E89}"
EndProject
Project("{FAE04EC0-301F-11D3-BF4B-00C04F79EFBC}") = "Tests", "Tests\Tests.csproj", "{2D5BD5F2-23AA-41E1-AEA0-7633BE3CBFFE}"
EndProject
Global
	GlobalSection(SolutionConfigurationPlatforms) = preSolution
		Debug|Any CPU = Debug|Any CPU
		Release|Any CPU = Release|Any CPU
	EndGlobalSection
	GlobalSection(ProjectConfigurationPlatforms) = postSolution
		{CA2128E8-5CCC-43AC-A8BC-ABF8EF4E6E89}.Debug|Any CPU.ActiveCfg = Debug|Any CPU
		{CA2128E8-5CCC-43AC-A8BC-ABF8EF4E6E89}.Debug|Any CPU.Build.0 = Debug|Any CPU
		{CA2128E8-5CCC-43AC-A8BC-ABF8EF4E6E89}.Release|Any CPU.ActiveCfg = Release|Any CPU
		{CA2128E8-5CCC-43AC-A8BC-ABF8EF4E6E89}.Release|Any CPU.Build.0 = Release|Any CPU
		{2D5BD5F2-23AA-41E1-AEA0-7633BE3CBFFE}.Debug|Any CPU.ActiveCfg = Debug|Any CPU
		{2D5BD5F2-23AA-41E1-AEA0-7633BE3CBFFE}.Debug|Any CPU.Build.0 = Debug|Any CPU
		{2D5BD5F2-23AA-41E1-AEA0-7633BE3CBFFE}.Release|Any CPU.ActiveCfg = Release|Any CPU
		{2D5BD5F2-23AA-41E1-AEA0-7633BE3CBFFE}.Release|Any CPU.Build.0 = Release|Any CPU
	EndGlobalSection
	GlobalSection(SolutionProperties) = preSolution
		HideSolutionNode = FALSE
	EndGlobalSection
	GlobalSection(ExtensibilityGlobals) = postSolution
		SolutionGuid = {749D1DCD-8A9E-426C-A7EE-36356A70C9C1}
	EndGlobalSection
EndGlobal
